<?xml version="1.0" encoding="utf-8"?>
<Project ToolsVersion="4.0" xmlns="http://schemas.microsoft.com/developer/msbuild/2003">
  <ItemGroup>
    <Filter Include="Source Files">
      <UniqueIdentifier>{4FC737F1-C7A5-4376-A066-2A32D752A2FF}</UniqueIdentifier>
      <Extensions>cpp;c;cc;cxx;def;odl;idl;hpj;bat;asm;asmx</Extensions>
    </Filter>
    <Filter Include="Framework">
      <UniqueIdentifier>{98e516f7-882f-45d0-b1d7-a5248b2d2f45}</UniqueIdentifier>
    </Filter>
    <Filter Include="Framework\Scenes">
      <UniqueIdentifier>{4d37cd21-a637-4355-b0fa-c954a5943b32}</UniqueIdentifier>
    </Filter>
    <Filter Include="Framework\Define">
      <UniqueIdentifier>{aeecb922-d3fb-4a66-8c5d-91c75a61144b}</UniqueIdentifier>
    </Filter>
    <Filter Include="Framework\MainManager">
      <UniqueIdentifier>{bab7f233-8b7e-42c7-ba32-e2c668e5c9a3}</UniqueIdentifier>
    </Filter>
    <Filter Include="Framework\Camera">
      <UniqueIdentifier>{29685054-aefb-4560-b4eb-7fed3c37d22a}</UniqueIdentifier>
    </Filter>
    <Filter Include="Framework\Textures">
      <UniqueIdentifier>{6ee7a548-b8af-4cd3-96e2-15360b4ff176}</UniqueIdentifier>
    </Filter>
    <Filter Include="Framework\Sprites">
      <UniqueIdentifier>{4d718df1-5964-455c-b839-9bb386f26e61}</UniqueIdentifier>
    </Filter>
    <Filter Include="Ninja">
      <UniqueIdentifier>{8fb6ae64-709a-4cf6-89cf-ac3249f60c1e}</UniqueIdentifier>
    </Filter>
    <Filter Include="GameObject">
      <UniqueIdentifier>{c44669e7-6780-4e6e-932b-77a2ae66a6e0}</UniqueIdentifier>
    </Filter>
    <Filter Include="Framework\GameTime">
      <UniqueIdentifier>{ea9fb88a-711f-4b58-8f4d-eb26cd2857da}</UniqueIdentifier>
    </Filter>
    <Filter Include="Framework\Map">
      <UniqueIdentifier>{be3b5368-c611-4fe2-8ff8-c4dccfbdd6ef}</UniqueIdentifier>
    </Filter>
    <Filter Include="Framework\Grid">
      <UniqueIdentifier>{7e7c5a00-20ef-4277-9463-976a132d0511}</UniqueIdentifier>
    </Filter>
    <Filter Include="GameObject\Ground">
      <UniqueIdentifier>{29a79d69-2a3f-477e-8aa6-f7dc4713996d}</UniqueIdentifier>
    </Filter>
    <Filter Include="GameObject\Weapons">
      <UniqueIdentifier>{5af8c67b-f0ff-491d-8081-28a2dc844825}</UniqueIdentifier>
    </Filter>
    <Filter Include="Framework\Debug">
      <UniqueIdentifier>{ce79a13d-1fb0-4418-aa69-3aff358894ba}</UniqueIdentifier>
    </Filter>
    <Filter Include="GameObject\ObjHidden">
      <UniqueIdentifier>{c3638f6c-d243-456d-a99c-4296185c1dd3}</UniqueIdentifier>
    </Filter>
    <Filter Include="GameObject\Enemy">
      <UniqueIdentifier>{c399047b-fa79-4917-8a3b-0d291378bc20}</UniqueIdentifier>
    </Filter>
    <Filter Include="GameObject\Item">
      <UniqueIdentifier>{5116d6df-b38c-405c-9078-915f898bb2a3}</UniqueIdentifier>
    </Filter>
    <Filter Include="Framework\Board">
      <UniqueIdentifier>{8d53d854-af85-4b55-b498-874e3e5af3f7}</UniqueIdentifier>
    </Filter>
  </ItemGroup>
  <ItemGroup>
    <ClCompile Include="GameMain.cpp">
      <Filter>Source Files</Filter>
    </ClCompile>
    <ClCompile Include="Define.cpp">
      <Filter>Framework\Define</Filter>
    </ClCompile>
    <ClCompile Include="Scene.cpp">
      <Filter>Framework\Scenes</Filter>
    </ClCompile>
    <ClCompile Include="Game.cpp">
      <Filter>Framework\MainManager</Filter>
    </ClCompile>
    <ClCompile Include="Camera.cpp">
      <Filter>Framework\Camera</Filter>
    </ClCompile>
    <ClCompile Include="SceneManager.cpp">
      <Filter>Framework\Scenes</Filter>
    </ClCompile>
    <ClCompile Include="Texture.cpp">
      <Filter>Framework\Textures</Filter>
    </ClCompile>
    <ClCompile Include="Sprite.cpp">
      <Filter>Framework\Sprites</Filter>
    </ClCompile>
    <ClCompile Include="TextureManager.cpp">
      <Filter>Framework\Textures</Filter>
    </ClCompile>
    <ClCompile Include="Ninja.cpp">
      <Filter>Ninja</Filter>
    </ClCompile>
    <ClCompile Include="GameObject.cpp">
      <Filter>GameObject</Filter>
    </ClCompile>
    <ClCompile Include="SceneGame.cpp">
      <Filter>Framework\Scenes</Filter>
    </ClCompile>
    <ClCompile Include="GameTime.cpp">
      <Filter>Framework\GameTime</Filter>
    </ClCompile>
    <ClCompile Include="Map.cpp">
      <Filter>Framework\Map</Filter>
    </ClCompile>
    <ClCompile Include="Weapon.cpp">
      <Filter>GameObject\Weapons</Filter>
    </ClCompile>
    <ClCompile Include="Katana.cpp">
      <Filter>GameObject\Weapons</Filter>
    </ClCompile>
    <ClCompile Include="Grid.cpp">
      <Filter>Framework\Grid</Filter>
    </ClCompile>
    <ClCompile Include="Brick.cpp">
      <Filter>GameObject\Ground</Filter>
    </ClCompile>
    <ClCompile Include="debug.cpp">
      <Filter>Framework\Debug</Filter>
    </ClCompile>
    <ClCompile Include="ObjectHidden.cpp">
      <Filter>GameObject\ObjHidden</Filter>
    </ClCompile>
    <ClCompile Include="Butterfly.cpp">
      <Filter>GameObject\Ground</Filter>
    </ClCompile>
    <ClCompile Include="Bird.cpp">
      <Filter>GameObject\Enemy</Filter>
    </ClCompile>
    <ClCompile Include="Thief.cpp">
      <Filter>GameObject\Enemy</Filter>
    </ClCompile>
    <ClCompile Include="Witch.cpp">
      <Filter>GameObject\Enemy</Filter>
    </ClCompile>
    <ClCompile Include="Dog.cpp">
      <Filter>GameObject\Enemy</Filter>
    </ClCompile>
    <ClCompile Include="Enemy.cpp">
      <Filter>GameObject\Enemy</Filter>
    </ClCompile>
    <ClCompile Include="Soldier.cpp">
      <Filter>GameObject\Enemy</Filter>
    </ClCompile>
    <ClCompile Include="Sword.cpp">
      <Filter>GameObject\Weapons</Filter>
    </ClCompile>
    <ClCompile Include="Bullet.cpp">
      <Filter>GameObject\Weapons</Filter>
    </ClCompile>
    <ClCompile Include="Item.cpp">
      <Filter>GameObject\Item</Filter>
    </ClCompile>
    <ClCompile Include="Strength.cpp">
      <Filter>GameObject\Item</Filter>
    </ClCompile>
    <ClCompile Include="Effect.cpp">
      <Filter>GameObject</Filter>
    </ClCompile>
    <ClCompile Include="Bonus.cpp">
      <Filter>GameObject\Item</Filter>
    </ClCompile>
    <ClCompile Include="Firewheel.cpp">
      <Filter>GameObject\Item</Filter>
    </ClCompile>
    <ClCompile Include="Throwingstar.cpp">
      <Filter>GameObject\Item</Filter>
    </ClCompile>
    <ClCompile Include="Timefreeze.cpp">
      <Filter>GameObject\Item</Filter>
    </ClCompile>
    <ClCompile Include="Restore.cpp">
      <Filter>GameObject\Item</Filter>
    </ClCompile>
    <ClCompile Include="WPThrowingStar.cpp">
      <Filter>GameObject\Weapons</Filter>
    </ClCompile>
    <ClCompile Include="WPFireWheel.cpp">
      <Filter>GameObject\Weapons</Filter>
    </ClCompile>
    <ClCompile Include="Board.cpp">
      <Filter>Framework\Board</Filter>
    </ClCompile>
    <ClCompile Include="BoardHealth.cpp">
      <Filter>Framework\Board</Filter>
    </ClCompile>
    <ClCompile Include="Alphabet.cpp">
      <Filter>Framework\Board</Filter>
    </ClCompile>
    <ClCompile Include="TheBird.cpp">
      <Filter>GameObject\Ground</Filter>
    </ClCompile>
    <ClCompile Include="GunnerBullet.cpp">
      <Filter>GameObject\Weapons</Filter>
    </ClCompile>
    <ClCompile Include="Gunner.cpp">
      <Filter>GameObject\Enemy</Filter>
    </ClCompile>
    <ClCompile Include="Runner.cpp">
      <Filter>GameObject\Enemy</Filter>
    </ClCompile>
    <ClCompile Include="Windmillstar.cpp">
      <Filter>GameObject\Item</Filter>
    </ClCompile>
    <ClCompile Include="WPWindmillStar.cpp">
      <Filter>GameObject\Weapons</Filter>
    </ClCompile>
  </ItemGroup>
  <ItemGroup>
    <ClInclude Include="Define.h">
      <Filter>Framework\Define</Filter>
    </ClInclude>
    <ClInclude Include="Scene.h">
      <Filter>Framework\Scenes</Filter>
    </ClInclude>
    <ClInclude Include="Game.h">
      <Filter>Framework\MainManager</Filter>
    </ClInclude>
    <ClInclude Include="Camera.h">
      <Filter>Framework\Camera</Filter>
    </ClInclude>
    <ClInclude Include="SceneManager.h">
      <Filter>Framework\Scenes</Filter>
    </ClInclude>
    <ClInclude Include="Texture.h">
      <Filter>Framework\Textures</Filter>
    </ClInclude>
    <ClInclude Include="Sprite.h">
      <Filter>Framework\Sprites</Filter>
    </ClInclude>
    <ClInclude Include="TextureManager.h">
      <Filter>Framework\Textures</Filter>
    </ClInclude>
    <ClInclude Include="Ninja.h">
      <Filter>Ninja</Filter>
    </ClInclude>
    <ClInclude Include="GameObject.h">
      <Filter>GameObject</Filter>
    </ClInclude>
    <ClInclude Include="SceneGame.h">
      <Filter>Framework\Scenes</Filter>
    </ClInclude>
    <ClInclude Include="GameTime.h">
      <Filter>Framework\GameTime</Filter>
    </ClInclude>
    <ClInclude Include="Map.h">
      <Filter>Framework\Map</Filter>
    </ClInclude>
    <ClInclude Include="Weapon.h">
      <Filter>GameObject\Weapons</Filter>
    </ClInclude>
    <ClInclude Include="Katana.h">
      <Filter>GameObject\Weapons</Filter>
    </ClInclude>
    <ClInclude Include="Grid.h">
      <Filter>Framework\Grid</Filter>
    </ClInclude>
    <ClInclude Include="Brick.h">
      <Filter>GameObject\Ground</Filter>
    </ClInclude>
    <ClInclude Include="debug.h">
      <Filter>Framework\Debug</Filter>
    </ClInclude>
    <ClInclude Include="ObjectHidden.h">
      <Filter>GameObject\ObjHidden</Filter>
    </ClInclude>
    <ClInclude Include="Butterfly.h">
      <Filter>GameObject\Ground</Filter>
    </ClInclude>
    <ClInclude Include="Bird.h">
      <Filter>GameObject\Enemy</Filter>
    </ClInclude>
    <ClInclude Include="Thief.h">
      <Filter>GameObject\Enemy</Filter>
    </ClInclude>
    <ClInclude Include="Witch.h">
      <Filter>GameObject\Enemy</Filter>
    </ClInclude>
    <ClInclude Include="Dog.h">
      <Filter>GameObject\Enemy</Filter>
    </ClInclude>
    <ClInclude Include="Enemy.h">
      <Filter>GameObject\Enemy</Filter>
    </ClInclude>
    <ClInclude Include="Soldier.h">
      <Filter>GameObject\Enemy</Filter>
    </ClInclude>
    <ClInclude Include="Sword.h">
      <Filter>GameObject\Weapons</Filter>
    </ClInclude>
    <ClInclude Include="Bullet.h">
      <Filter>GameObject\Weapons</Filter>
    </ClInclude>
    <ClInclude Include="Item.h">
      <Filter>GameObject\Item</Filter>
    </ClInclude>
    <ClInclude Include="Strength.h">
      <Filter>GameObject\Item</Filter>
    </ClInclude>
    <ClInclude Include="Effect.h">
      <Filter>GameObject</Filter>
    </ClInclude>
    <ClInclude Include="Bonus.h">
      <Filter>GameObject\Item</Filter>
    </ClInclude>
    <ClInclude Include="Firewheel.h">
      <Filter>GameObject\Item</Filter>
    </ClInclude>
    <ClInclude Include="Throwingstar.h">
      <Filter>GameObject\Item</Filter>
    </ClInclude>
    <ClInclude Include="Timefreeze.h">
      <Filter>GameObject\Item</Filter>
    </ClInclude>
    <ClInclude Include="Restore.h">
      <Filter>GameObject\Item</Filter>
    </ClInclude>
    <ClInclude Include="WPThrowingStar.h">
      <Filter>GameObject\Weapons</Filter>
    </ClInclude>
    <ClInclude Include="WPFireWheel.h">
      <Filter>GameObject\Weapons</Filter>
    </ClInclude>
    <ClInclude Include="Board.h">
      <Filter>Framework\Board</Filter>
    </ClInclude>
    <ClInclude Include="BoardHealth.h">
      <Filter>Framework\Board</Filter>
    </ClInclude>
    <ClInclude Include="Alphabet.h">
      <Filter>Framework\Board</Filter>
    </ClInclude>
    <ClInclude Include="TheBird.h">
      <Filter>GameObject\Ground</Filter>
    </ClInclude>
    <ClInclude Include="GunnerBullet.h">
      <Filter>GameObject\Weapons</Filter>
    </ClInclude>
    <ClInclude Include="Gunner.h">
      <Filter>GameObject\Enemy</Filter>
    </ClInclude>
    <ClInclude Include="Runner.h">
      <Filter>GameObject\Enemy</Filter>
    </ClInclude>
    <ClInclude Include="Windmillstar.h">
      <Filter>GameObject\Item</Filter>
    </ClInclude>
    <ClInclude Include="WPWindmillStar.h">
      <Filter>GameObject\Weapons</Filter>
    </ClInclude>
  </ItemGroup>
</Project>